<?xml version="1.0" encoding="utf-8"?>
<Project ToolsVersion="4.0" xmlns="http://schemas.microsoft.com/developer/msbuild/2003">
  <ItemGroup>
    <Filter Include="Source Files">
      <UniqueIdentifier>{4FC737F1-C7A5-4376-A066-2A32D752A2FF}</UniqueIdentifier>
      <Extensions>cpp;c;cc;cxx;c++;cppm;ixx;def;odl;idl;hpj;bat;asm;asmx</Extensions>
    </Filter>
    <Filter Include="Header Files">
      <UniqueIdentifier>{93995380-89BD-4b04-88EB-625FBE52EBFB}</UniqueIdentifier>
      <Extensions>h;hh;hpp;hxx;h++;hm;inl;inc;ipp;xsd</Extensions>
    </Filter>
    <Filter Include="Resource Files">
      <UniqueIdentifier>{67DA6AB6-F800-4c08-8B7A-83BB121AAD01}</UniqueIdentifier>
      <Extensions>rc;ico;cur;bmp;dlg;rc2;rct;bin;rgs;gif;jpg;jpeg;jpe;resx;tiff;tif;png;wav;mfcribbon-ms</Extensions>
    </Filter>
    <Filter Include="Header Files\Classes">
      <UniqueIdentifier>{cdce677e-170a-42ff-9c11-2ccce123e4ed}</UniqueIdentifier>
    </Filter>
  </ItemGroup>
  <ItemGroup>
    <ClInclude Include="Dashboard.h">
      <Filter>Header Files</Filter>
    </ClInclude>
    <ClInclude Include="Classes\User.h">
      <Filter>Header Files\Classes</Filter>
    </ClInclude>
    <ClInclude Include="Classes\Transaction.h">
      <Filter>Header Files\Classes</Filter>
    </ClInclude>
    <ClInclude Include="profile.h">
      <Filter>Header Files</Filter>
    </ClInclude>
    <ClInclude Include="Requested_transactions.h">
      <Filter>Header Files</Filter>
    </ClInclude>
    <ClInclude Include="Balance_managment.h">
      <Filter>Header Files</Filter>
    </ClInclude>
    <ClInclude Include="Sign.h">
      <Filter>Header Files</Filter>
    </ClInclude>
    <ClInclude Include="payment.h">
      <Filter>Header Files\Classes</Filter>
    </ClInclude>
    <ClInclude Include="admin.h">
      <Filter>Header Files\Classes</Filter>
    </ClInclude>
    <ClInclude Include="User_Control1.h">
      <Filter>Header Files</Filter>
    </ClInclude>
    <ClInclude Include="AdminUI.h">
      <Filter>Header Files</Filter>
    </ClInclude>
  </ItemGroup>
  <ItemGroup>
    <ClCompile Include="Dashboard.cpp">
      <Filter>Source Files</Filter>
    </ClCompile>
    <ClCompile Include="profile.cpp">
      <Filter>Source Files</Filter>
    </ClCompile>
    <ClCompile Include="Requested_transactions.cpp">
      <Filter>Source Files</Filter>
    </ClCompile>
    <ClCompile Include="Balance_managment.cpp">
      <Filter>Source Files</Filter>
    </ClCompile>
    <ClCompile Include="Sign.cpp">
      <Filter>Source Files</Filter>
    </ClCompile>
    <ClCompile Include="Transaction.cpp">
      <Filter>Source Files</Filter>
    </ClCompile>
    <ClCompile Include="User.cpp">
      <Filter>Source Files</Filter>
    </ClCompile>
    <ClCompile Include="payment.cpp">
      <Filter>Source Files</Filter>
    </ClCompile>
    <ClCompile Include="admin.cpp">
      <Filter>Source Files</Filter>
    </ClCompile>
    <ClCompile Include="User_Control1.cpp">
      <Filter>Source Files</Filter>
    </ClCompile>
    <ClCompile Include="AdminUI.cpp">
      <Filter>Source Files</Filter>
    </ClCompile>
  </ItemGroup>
  <ItemGroup>
    <Image Include="logout_Admin_button.Image.png">
      <Filter>Resource Files</Filter>
    </Image>
    <Image Include="log_out.bmp">
      <Filter>Resource Files</Filter>
    </Image>
    <Image Include="..\..\Downloads\exit.png">
      <Filter>Resource Files</Filter>
    </Image>
  </ItemGroup>
</Project>